// !$*UTF8*$!
{
	archiveVersion = 1;
	classes = {
	};
	objectVersion = 46;
	objects = {

/* Begin PBXBuildFile section */
		27276A461BD74F7C005F938A /* AppDelegate.swift in Sources */ = {isa = PBXBuildFile; fileRef = 27276A451BD74F7C005F938A /* AppDelegate.swift */; };
		27276A481BD74F7C005F938A /* ViewController.swift in Sources */ = {isa = PBXBuildFile; fileRef = 27276A471BD74F7C005F938A /* ViewController.swift */; };
		27276A4D1BD74F7C005F938A /* Assets.xcassets in Resources */ = {isa = PBXBuildFile; fileRef = 27276A4C1BD74F7C005F938A /* Assets.xcassets */; };
		27276A501BD74F7C005F938A /* LaunchScreen.storyboard in Resources */ = {isa = PBXBuildFile; fileRef = 27276A4E1BD74F7C005F938A /* LaunchScreen.storyboard */; };
		27276A5B1BD74F7C005F938A /* instacopyTests.swift in Sources */ = {isa = PBXBuildFile; fileRef = 27276A5A1BD74F7C005F938A /* instacopyTests.swift */; };
		27276A671BD7552D005F938A /* LoginViewController.swift in Sources */ = {isa = PBXBuildFile; fileRef = 27276A651BD7552D005F938A /* LoginViewController.swift */; };
		27276A681BD7552D005F938A /* LoginViewController.xib in Resources */ = {isa = PBXBuildFile; fileRef = 27276A661BD7552D005F938A /* LoginViewController.xib */; };
		27276A6C1BD77614005F938A /* LoginInteractor.swift in Sources */ = {isa = PBXBuildFile; fileRef = 27276A6B1BD77614005F938A /* LoginInteractor.swift */; };
		27276A6F1BD777E6005F938A /* LoginInteractorTests.swift in Sources */ = {isa = PBXBuildFile; fileRef = 27276A6E1BD777E6005F938A /* LoginInteractorTests.swift */; };
		27276A701BD779FA005F938A /* LoginInteractor.swift in Sources */ = {isa = PBXBuildFile; fileRef = 27276A6B1BD77614005F938A /* LoginInteractor.swift */; };
		27276A731BD77AC6005F938A /* InstagramManager.swift in Sources */ = {isa = PBXBuildFile; fileRef = 27276A721BD77AC6005F938A /* InstagramManager.swift */; };
		27276A791BD7F9E8005F938A /* UIView+AutoLayout.swift in Sources */ = {isa = PBXBuildFile; fileRef = 27276A781BD7F9E8005F938A /* UIView+AutoLayout.swift */; };
		2784ADB41BD85673000C4CF2 /* FeedViewController.swift in Sources */ = {isa = PBXBuildFile; fileRef = 2784ADB31BD85673000C4CF2 /* FeedViewController.swift */; };
		2784ADB61BD85687000C4CF2 /* FeedViewController.xib in Resources */ = {isa = PBXBuildFile; fileRef = 2784ADB51BD85687000C4CF2 /* FeedViewController.xib */; };
		2784ADBB1BD85760000C4CF2 /* ViperMeshConfigurator.swift in Sources */ = {isa = PBXBuildFile; fileRef = 2784ADBA1BD85760000C4CF2 /* ViperMeshConfigurator.swift */; };
		2784ADBD1BD9BB49000C4CF2 /* BaseInteractor.swift in Sources */ = {isa = PBXBuildFile; fileRef = 2784ADBC1BD9BB49000C4CF2 /* BaseInteractor.swift */; };
		2784ADC01BD9BCFF000C4CF2 /* FeedPresenter.swift in Sources */ = {isa = PBXBuildFile; fileRef = 2784ADBF1BD9BCFF000C4CF2 /* FeedPresenter.swift */; };
		2784ADC31BD9BD16000C4CF2 /* FeedRouter.swift in Sources */ = {isa = PBXBuildFile; fileRef = 2784ADC21BD9BD16000C4CF2 /* FeedRouter.swift */; };
		2784ADC51BD9BE3E000C4CF2 /* BasePresenter.swift in Sources */ = {isa = PBXBuildFile; fileRef = 2784ADC41BD9BE3E000C4CF2 /* BasePresenter.swift */; };
		2784ADC71BDA9E3A000C4CF2 /* LoginRouter.swift in Sources */ = {isa = PBXBuildFile; fileRef = 2784ADC61BDA9E3A000C4CF2 /* LoginRouter.swift */; };
		2784ADC91BDA9FA9000C4CF2 /* BaseRouter.swift in Sources */ = {isa = PBXBuildFile; fileRef = 2784ADC81BDA9FA9000C4CF2 /* BaseRouter.swift */; };
		2784ADCB1BDB3DDF000C4CF2 /* FeedInteractor.swift in Sources */ = {isa = PBXBuildFile; fileRef = 2784ADCA1BDB3DDF000C4CF2 /* FeedInteractor.swift */; };
		2784ADCD1BDB46D1000C4CF2 /* LoginPresenter.swift in Sources */ = {isa = PBXBuildFile; fileRef = 2784ADCC1BDB46D1000C4CF2 /* LoginPresenter.swift */; };
		2784ADD01BDC27ED000C4CF2 /* FeedPostModel.swift in Sources */ = {isa = PBXBuildFile; fileRef = 2784ADCF1BDC27ED000C4CF2 /* FeedPostModel.swift */; };
		2784ADD21BDC2E56000C4CF2 /* FeedTableViewCell.xib in Resources */ = {isa = PBXBuildFile; fileRef = 2784ADD11BDC2E56000C4CF2 /* FeedTableViewCell.xib */; };
		2784ADD51BDC2EA3000C4CF2 /* FeedTableViewCell.swift in Sources */ = {isa = PBXBuildFile; fileRef = 2784ADD41BDC2EA3000C4CF2 /* FeedTableViewCell.swift */; };
		58BF38280C8D4EAF08B57F07 /* libPods-instacopy.a in Frameworks */ = {isa = PBXBuildFile; fileRef = 37EE7BD119A7D2233D42144A /* libPods-instacopy.a */; };
/* End PBXBuildFile section */

/* Begin PBXContainerItemProxy section */
		27276A571BD74F7C005F938A /* PBXContainerItemProxy */ = {
			isa = PBXContainerItemProxy;
			containerPortal = 27276A3A1BD74F7C005F938A /* Project object */;
			proxyType = 1;
			remoteGlobalIDString = 27276A411BD74F7C005F938A;
			remoteInfo = instacopy;
		};
/* End PBXContainerItemProxy section */

/* Begin PBXFileReference section */
		27276A421BD74F7C005F938A /* instacopy.app */ = {isa = PBXFileReference; explicitFileType = wrapper.application; includeInIndex = 0; path = instacopy.app; sourceTree = BUILT_PRODUCTS_DIR; };
		27276A451BD74F7C005F938A /* AppDelegate.swift */ = {isa = PBXFileReference; lastKnownFileType = sourcecode.swift; path = AppDelegate.swift; sourceTree = "<group>"; };
		27276A471BD74F7C005F938A /* ViewController.swift */ = {isa = PBXFileReference; lastKnownFileType = sourcecode.swift; path = ViewController.swift; sourceTree = "<group>"; };
		27276A4C1BD74F7C005F938A /* Assets.xcassets */ = {isa = PBXFileReference; lastKnownFileType = folder.assetcatalog; path = Assets.xcassets; sourceTree = "<group>"; };
		27276A4F1BD74F7C005F938A /* Base */ = {isa = PBXFileReference; lastKnownFileType = file.storyboard; name = Base; path = Base.lproj/LaunchScreen.storyboard; sourceTree = "<group>"; };
		27276A511BD74F7C005F938A /* Info.plist */ = {isa = PBXFileReference; lastKnownFileType = text.plist.xml; path = Info.plist; sourceTree = "<group>"; };
		27276A561BD74F7C005F938A /* instacopyTests.xctest */ = {isa = PBXFileReference; explicitFileType = wrapper.cfbundle; includeInIndex = 0; path = instacopyTests.xctest; sourceTree = BUILT_PRODUCTS_DIR; };
		27276A5A1BD74F7C005F938A /* instacopyTests.swift */ = {isa = PBXFileReference; lastKnownFileType = sourcecode.swift; path = instacopyTests.swift; sourceTree = "<group>"; };
		27276A5C1BD74F7C005F938A /* Info.plist */ = {isa = PBXFileReference; lastKnownFileType = text.plist.xml; path = Info.plist; sourceTree = "<group>"; };
		27276A651BD7552D005F938A /* LoginViewController.swift */ = {isa = PBXFileReference; fileEncoding = 4; lastKnownFileType = sourcecode.swift; path = LoginViewController.swift; sourceTree = "<group>"; };
		27276A661BD7552D005F938A /* LoginViewController.xib */ = {isa = PBXFileReference; fileEncoding = 4; lastKnownFileType = file.xib; path = LoginViewController.xib; sourceTree = "<group>"; };
		27276A6B1BD77614005F938A /* LoginInteractor.swift */ = {isa = PBXFileReference; fileEncoding = 4; lastKnownFileType = sourcecode.swift; path = LoginInteractor.swift; sourceTree = "<group>"; };
		27276A6E1BD777E6005F938A /* LoginInteractorTests.swift */ = {isa = PBXFileReference; fileEncoding = 4; lastKnownFileType = sourcecode.swift; path = LoginInteractorTests.swift; sourceTree = "<group>"; };
		27276A721BD77AC6005F938A /* InstagramManager.swift */ = {isa = PBXFileReference; fileEncoding = 4; lastKnownFileType = sourcecode.swift; path = InstagramManager.swift; sourceTree = "<group>"; };
		27276A741BD77BA7005F938A /* instacopy-Bridging-Header.h */ = {isa = PBXFileReference; lastKnownFileType = sourcecode.c.h; path = "instacopy-Bridging-Header.h"; sourceTree = "<group>"; };
		27276A781BD7F9E8005F938A /* UIView+AutoLayout.swift */ = {isa = PBXFileReference; fileEncoding = 4; lastKnownFileType = sourcecode.swift; path = "UIView+AutoLayout.swift"; sourceTree = "<group>"; };
		2784ADB31BD85673000C4CF2 /* FeedViewController.swift */ = {isa = PBXFileReference; fileEncoding = 4; lastKnownFileType = sourcecode.swift; path = FeedViewController.swift; sourceTree = "<group>"; };
		2784ADB51BD85687000C4CF2 /* FeedViewController.xib */ = {isa = PBXFileReference; fileEncoding = 4; lastKnownFileType = file.xib; path = FeedViewController.xib; sourceTree = "<group>"; };
		2784ADBA1BD85760000C4CF2 /* ViperMeshConfigurator.swift */ = {isa = PBXFileReference; fileEncoding = 4; lastKnownFileType = sourcecode.swift; path = ViperMeshConfigurator.swift; sourceTree = "<group>"; };
		2784ADBC1BD9BB49000C4CF2 /* BaseInteractor.swift */ = {isa = PBXFileReference; fileEncoding = 4; lastKnownFileType = sourcecode.swift; path = BaseInteractor.swift; sourceTree = "<group>"; };
		2784ADBF1BD9BCFF000C4CF2 /* FeedPresenter.swift */ = {isa = PBXFileReference; fileEncoding = 4; lastKnownFileType = sourcecode.swift; path = FeedPresenter.swift; sourceTree = "<group>"; };
		2784ADC21BD9BD16000C4CF2 /* FeedRouter.swift */ = {isa = PBXFileReference; fileEncoding = 4; lastKnownFileType = sourcecode.swift; path = FeedRouter.swift; sourceTree = "<group>"; };
		2784ADC41BD9BE3E000C4CF2 /* BasePresenter.swift */ = {isa = PBXFileReference; fileEncoding = 4; lastKnownFileType = sourcecode.swift; path = BasePresenter.swift; sourceTree = "<group>"; };
		2784ADC61BDA9E3A000C4CF2 /* LoginRouter.swift */ = {isa = PBXFileReference; fileEncoding = 4; lastKnownFileType = sourcecode.swift; path = LoginRouter.swift; sourceTree = "<group>"; };
		2784ADC81BDA9FA9000C4CF2 /* BaseRouter.swift */ = {isa = PBXFileReference; fileEncoding = 4; lastKnownFileType = sourcecode.swift; path = BaseRouter.swift; sourceTree = "<group>"; };
		2784ADCA1BDB3DDF000C4CF2 /* FeedInteractor.swift */ = {isa = PBXFileReference; fileEncoding = 4; lastKnownFileType = sourcecode.swift; path = FeedInteractor.swift; sourceTree = "<group>"; };
		2784ADCC1BDB46D1000C4CF2 /* LoginPresenter.swift */ = {isa = PBXFileReference; fileEncoding = 4; lastKnownFileType = sourcecode.swift; path = LoginPresenter.swift; sourceTree = "<group>"; };
		2784ADCF1BDC27ED000C4CF2 /* FeedPostModel.swift */ = {isa = PBXFileReference; fileEncoding = 4; lastKnownFileType = sourcecode.swift; path = FeedPostModel.swift; sourceTree = "<group>"; };
		2784ADD11BDC2E56000C4CF2 /* FeedTableViewCell.xib */ = {isa = PBXFileReference; fileEncoding = 4; lastKnownFileType = file.xib; path = FeedTableViewCell.xib; sourceTree = "<group>"; };
		2784ADD41BDC2EA3000C4CF2 /* FeedTableViewCell.swift */ = {isa = PBXFileReference; fileEncoding = 4; lastKnownFileType = sourcecode.swift; path = FeedTableViewCell.swift; sourceTree = "<group>"; };
		37EE7BD119A7D2233D42144A /* libPods-instacopy.a */ = {isa = PBXFileReference; explicitFileType = archive.ar; includeInIndex = 0; path = "libPods-instacopy.a"; sourceTree = BUILT_PRODUCTS_DIR; };
		6A9C8547F3E9D3780B48ECCD /* Pods-instacopy.release.xcconfig */ = {isa = PBXFileReference; includeInIndex = 1; lastKnownFileType = text.xcconfig; name = "Pods-instacopy.release.xcconfig"; path = "../Pods/Target Support Files/Pods-instacopy/Pods-instacopy.release.xcconfig"; sourceTree = "<group>"; };
		B869B38E562C41CEC27BBD43 /* Pods-instacopy.debug.xcconfig */ = {isa = PBXFileReference; includeInIndex = 1; lastKnownFileType = text.xcconfig; name = "Pods-instacopy.debug.xcconfig"; path = "../Pods/Target Support Files/Pods-instacopy/Pods-instacopy.debug.xcconfig"; sourceTree = "<group>"; };
/* End PBXFileReference section */

/* Begin PBXFrameworksBuildPhase section */
		27276A3F1BD74F7C005F938A /* Frameworks */ = {
			isa = PBXFrameworksBuildPhase;
			buildActionMask = 2147483647;
			files = (
				58BF38280C8D4EAF08B57F07 /* libPods-instacopy.a in Frameworks */,
			);
			runOnlyForDeploymentPostprocessing = 0;
		};
		27276A531BD74F7C005F938A /* Frameworks */ = {
			isa = PBXFrameworksBuildPhase;
			buildActionMask = 2147483647;
			files = (
			);
			runOnlyForDeploymentPostprocessing = 0;
		};
/* End PBXFrameworksBuildPhase section */

/* Begin PBXGroup section */
		25F6B92226CAF7EBE9D43A51 /* Pods */ = {
			isa = PBXGroup;
			children = (
				B869B38E562C41CEC27BBD43 /* Pods-instacopy.debug.xcconfig */,
				6A9C8547F3E9D3780B48ECCD /* Pods-instacopy.release.xcconfig */,
			);
			name = Pods;
			sourceTree = "<group>";
		};
		27276A391BD74F7C005F938A = {
			isa = PBXGroup;
			children = (
				27276A441BD74F7C005F938A /* instacopy */,
				27276A591BD74F7C005F938A /* instacopyTests */,
				27276A431BD74F7C005F938A /* Products */,
				25F6B92226CAF7EBE9D43A51 /* Pods */,
				CF28DF554417EFE3A18488E7 /* Frameworks */,
			);
			sourceTree = "<group>";
			wrapsLines = 0;
		};
		27276A431BD74F7C005F938A /* Products */ = {
			isa = PBXGroup;
			children = (
				27276A421BD74F7C005F938A /* instacopy.app */,
				27276A561BD74F7C005F938A /* instacopyTests.xctest */,
			);
			name = Products;
			sourceTree = "<group>";
		};
		27276A441BD74F7C005F938A /* instacopy */ = {
			isa = PBXGroup;
			children = (
				2784ADD31BDC2E92000C4CF2 /* view */,
				2784ADCE1BDC27D9000C4CF2 /* model */,
				2784ADC11BD9BD07000C4CF2 /* routers */,
				2784ADBE1BD9BCEF000C4CF2 /* presenters */,
				2784ADB91BD85749000C4CF2 /* VIPER support */,
				A1D5265F7A4510587CE11286 /* viewControllers */,
				27276A751BD7F82D005F938A /* extensions */,
				27276A711BD77AA6005F938A /* instagram support */,
				27276A6A1BD775FC005F938A /* interactors */,
				27276A691BD7553A005F938A /* XIBs */,
				27276A451BD74F7C005F938A /* AppDelegate.swift */,
				27276A471BD74F7C005F938A /* ViewController.swift */,
				27276A4C1BD74F7C005F938A /* Assets.xcassets */,
				27276A4E1BD74F7C005F938A /* LaunchScreen.storyboard */,
				27276A511BD74F7C005F938A /* Info.plist */,
				27276A741BD77BA7005F938A /* instacopy-Bridging-Header.h */,
			);
			path = instacopy;
			sourceTree = "<group>";
		};
		27276A591BD74F7C005F938A /* instacopyTests */ = {
			isa = PBXGroup;
			children = (
				27276A6D1BD777CB005F938A /* interactor */,
				27276A5A1BD74F7C005F938A /* instacopyTests.swift */,
				27276A5C1BD74F7C005F938A /* Info.plist */,
			);
			path = instacopyTests;
			sourceTree = "<group>";
		};
		27276A691BD7553A005F938A /* XIBs */ = {
			isa = PBXGroup;
			children = (
				27276A661BD7552D005F938A /* LoginViewController.xib */,
				2784ADB51BD85687000C4CF2 /* FeedViewController.xib */,
				2784ADD11BDC2E56000C4CF2 /* FeedTableViewCell.xib */,
			);
			name = XIBs;
			sourceTree = "<group>";
		};
		27276A6A1BD775FC005F938A /* interactors */ = {
			isa = PBXGroup;
			children = (
				2784ADCA1BDB3DDF000C4CF2 /* FeedInteractor.swift */,
				27276A6B1BD77614005F938A /* LoginInteractor.swift */,
				2784ADBC1BD9BB49000C4CF2 /* BaseInteractor.swift */,
			);
			name = interactors;
			sourceTree = "<group>";
		};
		27276A6D1BD777CB005F938A /* interactor */ = {
			isa = PBXGroup;
			children = (
				27276A6E1BD777E6005F938A /* LoginInteractorTests.swift */,
			);
			name = interactor;
			sourceTree = "<group>";
		};
		27276A711BD77AA6005F938A /* instagram support */ = {
			isa = PBXGroup;
			children = (
				27276A721BD77AC6005F938A /* InstagramManager.swift */,
			);
			name = "instagram support";
			sourceTree = "<group>";
		};
		27276A751BD7F82D005F938A /* extensions */ = {
			isa = PBXGroup;
			children = (
				27276A781BD7F9E8005F938A /* UIView+AutoLayout.swift */,
			);
			name = extensions;
			sourceTree = "<group>";
		};
		2784ADB91BD85749000C4CF2 /* VIPER support */ = {
			isa = PBXGroup;
			children = (
				2784ADBA1BD85760000C4CF2 /* ViperMeshConfigurator.swift */,
			);
			name = "VIPER support";
			sourceTree = "<group>";
		};
		2784ADBE1BD9BCEF000C4CF2 /* presenters */ = {
			isa = PBXGroup;
			children = (
				2784ADBF1BD9BCFF000C4CF2 /* FeedPresenter.swift */,
				2784ADC41BD9BE3E000C4CF2 /* BasePresenter.swift */,
				2784ADCC1BDB46D1000C4CF2 /* LoginPresenter.swift */,
			);
			name = presenters;
			sourceTree = "<group>";
		};
		2784ADC11BD9BD07000C4CF2 /* routers */ = {
			isa = PBXGroup;
			children = (
				2784ADC21BD9BD16000C4CF2 /* FeedRouter.swift */,
				2784ADC61BDA9E3A000C4CF2 /* LoginRouter.swift */,
				2784ADC81BDA9FA9000C4CF2 /* BaseRouter.swift */,
			);
			name = routers;
			sourceTree = "<group>";
		};
		2784ADCE1BDC27D9000C4CF2 /* model */ = {
			isa = PBXGroup;
			children = (
				2784ADCF1BDC27ED000C4CF2 /* FeedPostModel.swift */,
			);
			name = model;
			sourceTree = "<group>";
		};
		2784ADD31BDC2E92000C4CF2 /* view */ = {
			isa = PBXGroup;
			children = (
				2784ADD41BDC2EA3000C4CF2 /* FeedTableViewCell.swift */,
			);
			name = view;
			sourceTree = "<group>";
		};
		A1D5265F7A4510587CE11286 /* viewControllers */ = {
			isa = PBXGroup;
			children = (
				27276A651BD7552D005F938A /* LoginViewController.swift */,
				2784ADB31BD85673000C4CF2 /* FeedViewController.swift */,
			);
			name = viewControllers;
			sourceTree = "<group>";
		};
		CF28DF554417EFE3A18488E7 /* Frameworks */ = {
			isa = PBXGroup;
			children = (
				37EE7BD119A7D2233D42144A /* libPods-instacopy.a */,
			);
			name = Frameworks;
			sourceTree = "<group>";
		};
/* End PBXGroup section */

/* Begin PBXNativeTarget section */
		27276A411BD74F7C005F938A /* instacopy */ = {
			isa = PBXNativeTarget;
			buildConfigurationList = 27276A5F1BD74F7C005F938A /* Build configuration list for PBXNativeTarget "instacopy" */;
			buildPhases = (
				503D75CD044204F7EE7C92DC /* Check Pods Manifest.lock */,
				27276A3E1BD74F7C005F938A /* Sources */,
				27276A3F1BD74F7C005F938A /* Frameworks */,
				27276A401BD74F7C005F938A /* Resources */,
				27C0571901BB87B262D7A612 /* Embed Pods Frameworks */,
				4FE37E9F6161A32EFC613EFB /* Copy Pods Resources */,
			);
			buildRules = (
			);
			dependencies = (
			);
			name = instacopy;
			productName = instacopy;
			productReference = 27276A421BD74F7C005F938A /* instacopy.app */;
			productType = "com.apple.product-type.application";
		};
		27276A551BD74F7C005F938A /* instacopyTests */ = {
			isa = PBXNativeTarget;
			buildConfigurationList = 27276A621BD74F7C005F938A /* Build configuration list for PBXNativeTarget "instacopyTests" */;
			buildPhases = (
				27276A521BD74F7C005F938A /* Sources */,
				27276A531BD74F7C005F938A /* Frameworks */,
				27276A541BD74F7C005F938A /* Resources */,
			);
			buildRules = (
			);
			dependencies = (
				27276A581BD74F7C005F938A /* PBXTargetDependency */,
			);
			name = instacopyTests;
			productName = instacopyTests;
			productReference = 27276A561BD74F7C005F938A /* instacopyTests.xctest */;
			productType = "com.apple.product-type.bundle.unit-test";
		};
/* End PBXNativeTarget section */

/* Begin PBXProject section */
		27276A3A1BD74F7C005F938A /* Project object */ = {
			isa = PBXProject;
			attributes = {
				CLASSPREFIX = "";
				LastUpgradeCheck = 0700;
				ORGANIZATIONNAME = Acme;
				TargetAttributes = {
					27276A411BD74F7C005F938A = {
						CreatedOnToolsVersion = 7.0.1;
					};
					27276A551BD74F7C005F938A = {
						CreatedOnToolsVersion = 7.0.1;
						TestTargetID = 27276A411BD74F7C005F938A;
					};
				};
			};
			buildConfigurationList = 27276A3D1BD74F7C005F938A /* Build configuration list for PBXProject "instacopy" */;
			compatibilityVersion = "Xcode 3.2";
			developmentRegion = English;
			hasScannedForEncodings = 0;
			knownRegions = (
				en,
				Base,
			);
			mainGroup = 27276A391BD74F7C005F938A;
			productRefGroup = 27276A431BD74F7C005F938A /* Products */;
			projectDirPath = "";
			projectRoot = "";
			targets = (
				27276A411BD74F7C005F938A /* instacopy */,
				27276A551BD74F7C005F938A /* instacopyTests */,
			);
		};
/* End PBXProject section */

/* Begin PBXResourcesBuildPhase section */
		27276A401BD74F7C005F938A /* Resources */ = {
			isa = PBXResourcesBuildPhase;
			buildActionMask = 2147483647;
			files = (
				27276A501BD74F7C005F938A /* LaunchScreen.storyboard in Resources */,
				2784ADD21BDC2E56000C4CF2 /* FeedTableViewCell.xib in Resources */,
				2784ADB61BD85687000C4CF2 /* FeedViewController.xib in Resources */,
				27276A4D1BD74F7C005F938A /* Assets.xcassets in Resources */,
				27276A681BD7552D005F938A /* LoginViewController.xib in Resources */,
			);
			runOnlyForDeploymentPostprocessing = 0;
		};
		27276A541BD74F7C005F938A /* Resources */ = {
			isa = PBXResourcesBuildPhase;
			buildActionMask = 2147483647;
			files = (
			);
			runOnlyForDeploymentPostprocessing = 0;
		};
/* End PBXResourcesBuildPhase section */

/* Begin PBXShellScriptBuildPhase section */
		27C0571901BB87B262D7A612 /* Embed Pods Frameworks */ = {
			isa = PBXShellScriptBuildPhase;
			buildActionMask = 2147483647;
			files = (
			);
			inputPaths = (
			);
			name = "Embed Pods Frameworks";
			outputPaths = (
			);
			runOnlyForDeploymentPostprocessing = 0;
			shellPath = /bin/sh;
			shellScript = "\"${SRCROOT}/../Pods/Target Support Files/Pods-instacopy/Pods-instacopy-frameworks.sh\"\n";
			showEnvVarsInLog = 0;
		};
		4FE37E9F6161A32EFC613EFB /* Copy Pods Resources */ = {
			isa = PBXShellScriptBuildPhase;
			buildActionMask = 2147483647;
			files = (
			);
			inputPaths = (
			);
			name = "Copy Pods Resources";
			outputPaths = (
			);
			runOnlyForDeploymentPostprocessing = 0;
			shellPath = /bin/sh;
			shellScript = "\"${SRCROOT}/../Pods/Target Support Files/Pods-instacopy/Pods-instacopy-resources.sh\"\n";
			showEnvVarsInLog = 0;
		};
		503D75CD044204F7EE7C92DC /* Check Pods Manifest.lock */ = {
			isa = PBXShellScriptBuildPhase;
			buildActionMask = 2147483647;
			files = (
			);
			inputPaths = (
			);
			name = "Check Pods Manifest.lock";
			outputPaths = (
			);
			runOnlyForDeploymentPostprocessing = 0;
			shellPath = /bin/sh;
			shellScript = "diff \"${PODS_ROOT}/../Podfile.lock\" \"${PODS_ROOT}/Manifest.lock\" > /dev/null\nif [[ $? != 0 ]] ; then\n    cat << EOM\nerror: The sandbox is not in sync with the Podfile.lock. Run 'pod install' or update your CocoaPods installation.\nEOM\n    exit 1\nfi\n";
			showEnvVarsInLog = 0;
		};
/* End PBXShellScriptBuildPhase section */

/* Begin PBXSourcesBuildPhase section */
		27276A3E1BD74F7C005F938A /* Sources */ = {
			isa = PBXSourcesBuildPhase;
			buildActionMask = 2147483647;
			files = (
				2784ADCD1BDB46D1000C4CF2 /* LoginPresenter.swift in Sources */,
				2784ADC51BD9BE3E000C4CF2 /* BasePresenter.swift in Sources */,
				2784ADC71BDA9E3A000C4CF2 /* LoginRouter.swift in Sources */,
				27276A791BD7F9E8005F938A /* UIView+AutoLayout.swift in Sources */,
				27276A481BD74F7C005F938A /* ViewController.swift in Sources */,
				2784ADBB1BD85760000C4CF2 /* ViperMeshConfigurator.swift in Sources */,
				2784ADCB1BDB3DDF000C4CF2 /* FeedInteractor.swift in Sources */,
				2784ADD51BDC2EA3000C4CF2 /* FeedTableViewCell.swift in Sources */,
				2784ADC31BD9BD16000C4CF2 /* FeedRouter.swift in Sources */,
				27276A461BD74F7C005F938A /* AppDelegate.swift in Sources */,
				2784ADD01BDC27ED000C4CF2 /* FeedPostModel.swift in Sources */,
				2784ADC91BDA9FA9000C4CF2 /* BaseRouter.swift in Sources */,
				2784ADC01BD9BCFF000C4CF2 /* FeedPresenter.swift in Sources */,
				2784ADBD1BD9BB49000C4CF2 /* BaseInteractor.swift in Sources */,
				27276A671BD7552D005F938A /* LoginViewController.swift in Sources */,
				27276A731BD77AC6005F938A /* InstagramManager.swift in Sources */,
				27276A6C1BD77614005F938A /* LoginInteractor.swift in Sources */,
				2784ADB41BD85673000C4CF2 /* FeedViewController.swift in Sources */,
			);
			runOnlyForDeploymentPostprocessing = 0;
		};
		27276A521BD74F7C005F938A /* Sources */ = {
			isa = PBXSourcesBuildPhase;
			buildActionMask = 2147483647;
			files = (
				27276A5B1BD74F7C005F938A /* instacopyTests.swift in Sources */,
				27276A6F1BD777E6005F938A /* LoginInteractorTests.swift in Sources */,
				27276A701BD779FA005F938A /* LoginInteractor.swift in Sources */,
			);
			runOnlyForDeploymentPostprocessing = 0;
		};
/* End PBXSourcesBuildPhase section */

/* Begin PBXTargetDependency section */
		27276A581BD74F7C005F938A /* PBXTargetDependency */ = {
			isa = PBXTargetDependency;
			target = 27276A411BD74F7C005F938A /* instacopy */;
			targetProxy = 27276A571BD74F7C005F938A /* PBXContainerItemProxy */;
		};
/* End PBXTargetDependency section */

/* Begin PBXVariantGroup section */
		27276A4E1BD74F7C005F938A /* LaunchScreen.storyboard */ = {
			isa = PBXVariantGroup;
			children = (
				27276A4F1BD74F7C005F938A /* Base */,
			);
			name = LaunchScreen.storyboard;
			sourceTree = "<group>";
		};
/* End PBXVariantGroup section */

/* Begin XCBuildConfiguration section */
		27276A5D1BD74F7C005F938A /* Debug */ = {
			isa = XCBuildConfiguration;
			buildSettings = {
				ALWAYS_SEARCH_USER_PATHS = NO;
				CLANG_CXX_LANGUAGE_STANDARD = "gnu++0x";
				CLANG_CXX_LIBRARY = "libc++";
				CLANG_ENABLE_MODULES = YES;
				CLANG_ENABLE_OBJC_ARC = YES;
				CLANG_WARN_BOOL_CONVERSION = YES;
				CLANG_WARN_CONSTANT_CONVERSION = YES;
				CLANG_WARN_DIRECT_OBJC_ISA_USAGE = YES_ERROR;
				CLANG_WARN_EMPTY_BODY = YES;
				CLANG_WARN_ENUM_CONVERSION = YES;
				CLANG_WARN_INT_CONVERSION = YES;
				CLANG_WARN_OBJC_ROOT_CLASS = YES_ERROR;
				CLANG_WARN_UNREACHABLE_CODE = YES;
				CLANG_WARN__DUPLICATE_METHOD_MATCH = YES;
				"CODE_SIGN_IDENTITY[sdk=iphoneos*]" = "iPhone Developer";
				COPY_PHASE_STRIP = NO;
				DEBUG_INFORMATION_FORMAT = dwarf;
				ENABLE_STRICT_OBJC_MSGSEND = YES;
				ENABLE_TESTABILITY = YES;
				GCC_C_LANGUAGE_STANDARD = gnu99;
				GCC_DYNAMIC_NO_PIC = NO;
				GCC_NO_COMMON_BLOCKS = YES;
				GCC_OPTIMIZATION_LEVEL = 0;
				GCC_PREPROCESSOR_DEFINITIONS = (
					"DEBUG=1",
					"$(inherited)",
				);
				GCC_WARN_64_TO_32_BIT_CONVERSION = YES;
				GCC_WARN_ABOUT_RETURN_TYPE = YES_ERROR;
				GCC_WARN_UNDECLARED_SELECTOR = YES;
				GCC_WARN_UNINITIALIZED_AUTOS = YES_AGGRESSIVE;
				GCC_WARN_UNUSED_FUNCTION = YES;
				GCC_WARN_UNUSED_VARIABLE = YES;
				IPHONEOS_DEPLOYMENT_TARGET = 9.0;
				MTL_ENABLE_DEBUG_INFO = YES;
				ONLY_ACTIVE_ARCH = YES;
				SDKROOT = iphoneos;
				SWIFT_OPTIMIZATION_LEVEL = "-Onone";
			};
			name = Debug;
		};
		27276A5E1BD74F7C005F938A /* Release */ = {
			isa = XCBuildConfiguration;
			buildSettings = {
				ALWAYS_SEARCH_USER_PATHS = NO;
				CLANG_CXX_LANGUAGE_STANDARD = "gnu++0x";
				CLANG_CXX_LIBRARY = "libc++";
				CLANG_ENABLE_MODULES = YES;
				CLANG_ENABLE_OBJC_ARC = YES;
				CLANG_WARN_BOOL_CONVERSION = YES;
				CLANG_WARN_CONSTANT_CONVERSION = YES;
				CLANG_WARN_DIRECT_OBJC_ISA_USAGE = YES_ERROR;
				CLANG_WARN_EMPTY_BODY = YES;
				CLANG_WARN_ENUM_CONVERSION = YES;
				CLANG_WARN_INT_CONVERSION = YES;
				CLANG_WARN_OBJC_ROOT_CLASS = YES_ERROR;
				CLANG_WARN_UNREACHABLE_CODE = YES;
				CLANG_WARN__DUPLICATE_METHOD_MATCH = YES;
				"CODE_SIGN_IDENTITY[sdk=iphoneos*]" = "iPhone Developer";
				COPY_PHASE_STRIP = NO;
				DEBUG_INFORMATION_FORMAT = "dwarf-with-dsym";
				ENABLE_NS_ASSERTIONS = NO;
				ENABLE_STRICT_OBJC_MSGSEND = YES;
				GCC_C_LANGUAGE_STANDARD = gnu99;
				GCC_NO_COMMON_BLOCKS = YES;
				GCC_WARN_64_TO_32_BIT_CONVERSION = YES;
				GCC_WARN_ABOUT_RETURN_TYPE = YES_ERROR;
				GCC_WARN_UNDECLARED_SELECTOR = YES;
				GCC_WARN_UNINITIALIZED_AUTOS = YES_AGGRESSIVE;
				GCC_WARN_UNUSED_FUNCTION = YES;
				GCC_WARN_UNUSED_VARIABLE = YES;
				IPHONEOS_DEPLOYMENT_TARGET = 9.0;
				MTL_ENABLE_DEBUG_INFO = NO;
				SDKROOT = iphoneos;
				VALIDATE_PRODUCT = YES;
			};
			name = Release;
		};
		27276A601BD74F7C005F938A /* Debug */ = {
			isa = XCBuildConfiguration;
			baseConfigurationReference = B869B38E562C41CEC27BBD43 /* Pods-instacopy.debug.xcconfig */;
			buildSettings = {
				ASSETCATALOG_COMPILER_APPICON_NAME = AppIcon;
				INFOPLIST_FILE = instacopy/Info.plist;
				LD_RUNPATH_SEARCH_PATHS = "$(inherited) @executable_path/Frameworks";
				PRODUCT_BUNDLE_IDENTIFIER = com.acme.instacopy;
				PRODUCT_NAME = "$(TARGET_NAME)";
				SWIFT_OBJC_BRIDGING_HEADER = "instacopy/instacopy-Bridging-Header.h";
			};
			name = Debug;
		};
		27276A611BD74F7C005F938A /* Release */ = {
			isa = XCBuildConfiguration;
			baseConfigurationReference = 6A9C8547F3E9D3780B48ECCD /* Pods-instacopy.release.xcconfig */;
			buildSettings = {
				ASSETCATALOG_COMPILER_APPICON_NAME = AppIcon;
				INFOPLIST_FILE = instacopy/Info.plist;
				LD_RUNPATH_SEARCH_PATHS = "$(inherited) @executable_path/Frameworks";
				PRODUCT_BUNDLE_IDENTIFIER = com.acme.instacopy;
				PRODUCT_NAME = "$(TARGET_NAME)";
				SWIFT_OBJC_BRIDGING_HEADER = "instacopy/instacopy-Bridging-Header.h";
			};
			name = Release;
		};
		27276A631BD74F7C005F938A /* Debug */ = {
			isa = XCBuildConfiguration;
			buildSettings = {
				BUNDLE_LOADER = "$(TEST_HOST)";
				INFOPLIST_FILE = instacopyTests/Info.plist;
				LD_RUNPATH_SEARCH_PATHS = "$(inherited) @executable_path/Frameworks @loader_path/Frameworks";
				PRODUCT_BUNDLE_IDENTIFIER = com.acme.instacopyTests;
				PRODUCT_NAME = "$(TARGET_NAME)";
				TEST_HOST = "$(BUILT_PRODUCTS_DIR)/instacopy.app/instacopy";
			};
			name = Debug;
		};
		27276A641BD74F7C005F938A /* Release */ = {
			isa = XCBuildConfiguration;
			buildSettings = {
				BUNDLE_LOADER = "$(TEST_HOST)";
				INFOPLIST_FILE = instacopyTests/Info.plist;
				LD_RUNPATH_SEARCH_PATHS = "$(inherited) @executable_path/Frameworks @loader_path/Frameworks";
				PRODUCT_BUNDLE_IDENTIFIER = com.acme.instacopyTests;
				PRODUCT_NAME = "$(TARGET_NAME)";
				TEST_HOST = "$(BUILT_PRODUCTS_DIR)/instacopy.app/instacopy";
			};
			name = Release;
		};
/* End XCBuildConfiguration section */

/* Begin XCConfigurationList section */
		27276A3D1BD74F7C005F938A /* Build configuration list for PBXProject "instacopy" */ = {
			isa = XCConfigurationList;
			buildConfigurations = (
				27276A5D1BD74F7C005F938A /* Debug */,
				27276A5E1BD74F7C005F938A /* Release */,
			);
			defaultConfigurationIsVisible = 0;
			defaultConfigurationName = Release;
		};
		27276A5F1BD74F7C005F938A /* Build configuration list for PBXNativeTarget "instacopy" */ = {
			isa = XCConfigurationList;
			buildConfigurations = (
				27276A601BD74F7C005F938A /* Debug */,
				27276A611BD74F7C005F938A /* Release */,
			);
			defaultConfigurationIsVisible = 0;
			defaultConfigurationName = Release;
		};
		27276A621BD74F7C005F938A /* Build configuration list for PBXNativeTarget "instacopyTests" */ = {
			isa = XCConfigurationList;
			buildConfigurations = (
				27276A631BD74F7C005F938A /* Debug */,
				27276A641BD74F7C005F938A /* Release */,
			);
			defaultConfigurationIsVisible = 0;
			defaultConfigurationName = Release;
		};
/* End XCConfigurationList section */
	};
	rootObject = 27276A3A1BD74F7C005F938A /* Project object */;
}
